
Microsoft Visual Studio Solution File, Format Version 12.00
# Visual Studio 15
VisualStudioVersion = 15.0.28010.2050
MinimumVisualStudioVersion = 10.0.40219.1
Project("{FAE04EC0-301F-11D3-BF4B-00C04F79EFBC}") = "SignalRpro", "SignalRpro\SignalRpro.csproj", "{7250A274-12A8-41DC-B518-F9E9E82BA402}"
EndProject
Global
	GlobalSection(SolutionConfigurationPlatforms) = preSolution
		Debug|Any CPU = Debug|Any CPU
		Release|Any CPU = Release|Any CPU
	EndGlobalSection
	GlobalSection(ProjectConfigurationPlatforms) = postSolution
		{7250A274-12A8-41DC-B518-F9E9E82BA402}.Debug|Any CPU.ActiveCfg = Debug|Any CPU
		{7250A274-12A8-41DC-B518-F9E9E82BA402}.Debug|Any CPU.Build.0 = Debug|Any CPU
		{7250A274-12A8-41DC-B518-F9E9E82BA402}.Release|Any CPU.ActiveCfg = Release|Any CPU
		{7250A274-12A8-41DC-B518-F9E9E82BA402}.Release|Any CPU.Build.0 = Release|Any CPU
	EndGlobalSection
	GlobalSection(SolutionProperties) = preSolution
		HideSolutionNode = FALSE
	EndGlobalSection
	GlobalSection(ExtensibilityGlobals) = postSolution
		SolutionGuid = {6E6725E3-E905-4607-9DB6-24ABC72761A5}
	EndGlobalSection
EndGlobal
